// !$*UTF8*$!
{
	archiveVersion = 1;
	classes = {
	};
	objectVersion = 46;
	objects = {

/* Begin PBXBuildFile section */
		1F03EFA914287DD600A6346D /* crypter.cpp in Sources */ = {isa = PBXBuildFile; fileRef = 1F03EF9D14287DD600A6346D /* crypter.cpp */; };
		1F03EFAA14287DD600A6346D /* keystore.cpp in Sources */ = {isa = PBXBuildFile; fileRef = 1F03EFA014287DD600A6346D /* keystore.cpp */; };
		1F03EFAB14287DD600A6346D /* main.cpp in Sources */ = {isa = PBXBuildFile; fileRef = 1F03EFA214287DD600A6346D /* main.cpp */; };
		1F03EFAC14287DD600A6346D /* script.cpp in Sources */ = {isa = PBXBuildFile; fileRef = 1F03EFA414287DD600A6346D /* script.cpp */; };
		1F03EFB614287E0100A6346D /* db.cpp in Sources */ = {isa = PBXBuildFile; fileRef = 1F03EFAE14287E0100A6346D /* db.cpp */; };
		1F03EFB714287E0100A6346D /* irc.cpp in Sources */ = {isa = PBXBuildFile; fileRef = 1F03EFB014287E0100A6346D /* irc.cpp */; };
		1F03EFB814287E0100A6346D /* net.cpp in Sources */ = {isa = PBXBuildFile; fileRef = 1F03EFB214287E0100A6346D /* net.cpp */; };
		1F03EFB914287E0100A6346D /* protocol.cpp in Sources */ = {isa = PBXBuildFile; fileRef = 1F03EFB414287E0100A6346D /* protocol.cpp */; };
		1F03EFBD14287E2600A6346D /* wallet.cpp in Sources */ = {isa = PBXBuildFile; fileRef = 1F03EFBB14287E2600A6346D /* wallet.cpp */; };
		1F03EFCF14287E3F00A6346D /* json_spirit_reader.cpp in Sources */ = {isa = PBXBuildFile; fileRef = 1F03EFC214287E3F00A6346D /* json_spirit_reader.cpp */; };
		1F03EFD014287E3F00A6346D /* json_spirit_value.cpp in Sources */ = {isa = PBXBuildFile; fileRef = 1F03EFC714287E3F00A6346D /* json_spirit_value.cpp */; };
		1F03EFD114287E3F00A6346D /* json_spirit_writer.cpp in Sources */ = {isa = PBXBuildFile; fileRef = 1F03EFC914287E3F00A6346D /* json_spirit_writer.cpp */; };
		1F03EFD214287E3F00A6346D /* rpc.cpp in Sources */ = {isa = PBXBuildFile; fileRef = 1F03EFCD14287E3F00A6346D /* rpc.cpp */; };
		1F03EFE614287E5900A6346D /* cpu.cpp in Sources */ = {isa = PBXBuildFile; fileRef = 1F03EFD614287E5900A6346D /* cpu.cpp */; };
		1F03EFE714287E5900A6346D /* sha.cpp in Sources */ = {isa = PBXBuildFile; fileRef = 1F03EFE114287E5900A6346D /* sha.cpp */; };
		1F168BA6142885BF0016AAC4 /* btc.h in Headers */ = {isa = PBXBuildFile; fileRef = 1F168BA5142885BF0016AAC4 /* btc.h */; };
		1F168BA9142885BF0016AAC4 /* btc.cp in Sources */ = {isa = PBXBuildFile; fileRef = 1F168BA8142885BF0016AAC4 /* btc.cp */; };
		1F3A3E031424E9F5007D3A8A /* libcrypto.dylib in Frameworks */ = {isa = PBXBuildFile; fileRef = 1F3A3E021424E9F5007D3A8A /* libcrypto.dylib */; };
		1F3A3E051424E9FE007D3A8A /* libssl.dylib in Frameworks */ = {isa = PBXBuildFile; fileRef = 1F3A3E041424E9FE007D3A8A /* libssl.dylib */; };
		1F3A3E071424EA09007D3A8A /* libdb_cxx-5.1.dylib in Frameworks */ = {isa = PBXBuildFile; fileRef = 1F3A3E061424EA09007D3A8A /* libdb_cxx-5.1.dylib */; };
		1F3A3E0C1424EA28007D3A8A /* libboost_filesystem.dylib in Frameworks */ = {isa = PBXBuildFile; fileRef = 1F3A3E081424EA27007D3A8A /* libboost_filesystem.dylib */; };
		1F3A3E0D1424EA28007D3A8A /* libboost_program_options.dylib in Frameworks */ = {isa = PBXBuildFile; fileRef = 1F3A3E091424EA27007D3A8A /* libboost_program_options.dylib */; };
		1F3A3E0E1424EA28007D3A8A /* libboost_system.dylib in Frameworks */ = {isa = PBXBuildFile; fileRef = 1F3A3E0A1424EA28007D3A8A /* libboost_system.dylib */; };
		1F3A3E0F1424EA28007D3A8A /* libboost_thread.dylib in Frameworks */ = {isa = PBXBuildFile; fileRef = 1F3A3E0B1424EA28007D3A8A /* libboost_thread.dylib */; };
		1F9B10E31416063600C5903D /* libboost_filesystem.dylib in Frameworks */ = {isa = PBXBuildFile; fileRef = 1F9B10CC1416063600C5903D /* libboost_filesystem.dylib */; };
		1F9B10ED1416063600C5903D /* libboost_program_options.dylib in Frameworks */ = {isa = PBXBuildFile; fileRef = 1F9B10D61416063600C5903D /* libboost_program_options.dylib */; };
		1F9B10F31416063600C5903D /* libboost_system.dylib in Frameworks */ = {isa = PBXBuildFile; fileRef = 1F9B10DC1416063600C5903D /* libboost_system.dylib */; };
		1F9B10F41416063600C5903D /* libboost_thread.dylib in Frameworks */ = {isa = PBXBuildFile; fileRef = 1F9B10DD1416063600C5903D /* libboost_thread.dylib */; };
		1F9B10F91416065200C5903D /* libdb_cxx-5.1.dylib in Frameworks */ = {isa = PBXBuildFile; fileRef = 1F9B10F81416065200C5903D /* libdb_cxx-5.1.dylib */; };
		1F9B10FC1416069000C5903D /* libcrypto.dylib in Frameworks */ = {isa = PBXBuildFile; fileRef = 1F9B10FA1416069000C5903D /* libcrypto.dylib */; };
		1F9B10FD1416069000C5903D /* libssl.dylib in Frameworks */ = {isa = PBXBuildFile; fileRef = 1F9B10FB1416069000C5903D /* libssl.dylib */; };
/* End PBXBuildFile section */

/* Begin PBXCopyFilesBuildPhase section */
		1F3A3DF6142495DA007D3A8A /* CopyFiles */ = {
			isa = PBXCopyFilesBuildPhase;
			buildActionMask = 2147483647;
			dstPath = /usr/share/man/man1/;
			dstSubfolderSpec = 0;
			files = (
			);
			runOnlyForDeploymentPostprocessing = 1;
		};
		1F9B10231416051C00C5903D /* CopyFiles */ = {
			isa = PBXCopyFilesBuildPhase;
			buildActionMask = 2147483647;
			dstPath = /usr/share/man/man1/;
			dstSubfolderSpec = 0;
			files = (
			);
			runOnlyForDeploymentPostprocessing = 1;
		};
/* End PBXCopyFilesBuildPhase section */

/* Begin PBXFileReference section */
		1F03EF9B14287DD600A6346D /* base58.h */ = {isa = PBXFileReference; fileEncoding = 4; lastKnownFileType = sourcecode.c.h; name = base58.h; path = ../../src/btc/base58.h; sourceTree = "<group>"; };
		1F03EF9C14287DD600A6346D /* bignum.h */ = {isa = PBXFileReference; fileEncoding = 4; lastKnownFileType = sourcecode.c.h; name = bignum.h; path = ../../src/btc/bignum.h; sourceTree = "<group>"; };
		1F03EF9D14287DD600A6346D /* crypter.cpp */ = {isa = PBXFileReference; fileEncoding = 4; lastKnownFileType = sourcecode.cpp.cpp; name = crypter.cpp; path = ../../src/btc/crypter.cpp; sourceTree = "<group>"; };
		1F03EF9E14287DD600A6346D /* crypter.h */ = {isa = PBXFileReference; fileEncoding = 4; lastKnownFileType = sourcecode.c.h; name = crypter.h; path = ../../src/btc/crypter.h; sourceTree = "<group>"; };
		1F03EF9F14287DD600A6346D /* key.h */ = {isa = PBXFileReference; fileEncoding = 4; lastKnownFileType = sourcecode.c.h; name = key.h; path = ../../src/btc/key.h; sourceTree = "<group>"; };
		1F03EFA014287DD600A6346D /* keystore.cpp */ = {isa = PBXFileReference; fileEncoding = 4; lastKnownFileType = sourcecode.cpp.cpp; name = keystore.cpp; path = ../../src/btc/keystore.cpp; sourceTree = "<group>"; };
		1F03EFA114287DD600A6346D /* keystore.h */ = {isa = PBXFileReference; fileEncoding = 4; lastKnownFileType = sourcecode.c.h; name = keystore.h; path = ../../src/btc/keystore.h; sourceTree = "<group>"; };
		1F03EFA214287DD600A6346D /* main.cpp */ = {isa = PBXFileReference; fileEncoding = 4; lastKnownFileType = sourcecode.cpp.cpp; name = main.cpp; path = ../../src/btc/main.cpp; sourceTree = "<group>"; };
		1F03EFA314287DD600A6346D /* main.h */ = {isa = PBXFileReference; fileEncoding = 4; lastKnownFileType = sourcecode.c.h; name = main.h; path = ../../src/btc/main.h; sourceTree = "<group>"; };
		1F03EFA414287DD600A6346D /* script.cpp */ = {isa = PBXFileReference; fileEncoding = 4; lastKnownFileType = sourcecode.cpp.cpp; name = script.cpp; path = ../../src/btc/script.cpp; sourceTree = "<group>"; };
		1F03EFA514287DD600A6346D /* script.h */ = {isa = PBXFileReference; fileEncoding = 4; lastKnownFileType = sourcecode.c.h; name = script.h; path = ../../src/btc/script.h; sourceTree = "<group>"; };
		1F03EFA614287DD600A6346D /* serialize.h */ = {isa = PBXFileReference; fileEncoding = 4; lastKnownFileType = sourcecode.c.h; name = serialize.h; path = ../../src/btc/serialize.h; sourceTree = "<group>"; };
		1F03EFA714287DD600A6346D /* strlcpy.h */ = {isa = PBXFileReference; fileEncoding = 4; lastKnownFileType = sourcecode.c.h; name = strlcpy.h; path = ../../src/btc/strlcpy.h; sourceTree = "<group>"; };
		1F03EFA814287DD600A6346D /* uint256.h */ = {isa = PBXFileReference; fileEncoding = 4; lastKnownFileType = sourcecode.c.h; name = uint256.h; path = ../../src/btc/uint256.h; sourceTree = "<group>"; };
		1F03EFAE14287E0100A6346D /* db.cpp */ = {isa = PBXFileReference; fileEncoding = 4; lastKnownFileType = sourcecode.cpp.cpp; name = db.cpp; path = ../../src/btcNode/db.cpp; sourceTree = "<group>"; };
		1F03EFAF14287E0100A6346D /* db.h */ = {isa = PBXFileReference; fileEncoding = 4; lastKnownFileType = sourcecode.c.h; name = db.h; path = ../../src/btcNode/db.h; sourceTree = "<group>"; };
		1F03EFB014287E0100A6346D /* irc.cpp */ = {isa = PBXFileReference; fileEncoding = 4; lastKnownFileType = sourcecode.cpp.cpp; name = irc.cpp; path = ../../src/btcNode/irc.cpp; sourceTree = "<group>"; };
		1F03EFB114287E0100A6346D /* irc.h */ = {isa = PBXFileReference; fileEncoding = 4; lastKnownFileType = sourcecode.c.h; name = irc.h; path = ../../src/btcNode/irc.h; sourceTree = "<group>"; };
		1F03EFB214287E0100A6346D /* net.cpp */ = {isa = PBXFileReference; fileEncoding = 4; lastKnownFileType = sourcecode.cpp.cpp; name = net.cpp; path = ../../src/btcNode/net.cpp; sourceTree = "<group>"; };
		1F03EFB314287E0100A6346D /* net.h */ = {isa = PBXFileReference; fileEncoding = 4; lastKnownFileType = sourcecode.c.h; name = net.h; path = ../../src/btcNode/net.h; sourceTree = "<group>"; };
		1F03EFB414287E0100A6346D /* protocol.cpp */ = {isa = PBXFileReference; fileEncoding = 4; lastKnownFileType = sourcecode.cpp.cpp; name = protocol.cpp; path = ../../src/btcNode/protocol.cpp; sourceTree = "<group>"; };
		1F03EFB514287E0100A6346D /* protocol.h */ = {isa = PBXFileReference; fileEncoding = 4; lastKnownFileType = sourcecode.c.h; name = protocol.h; path = ../../src/btcNode/protocol.h; sourceTree = "<group>"; };
		1F03EFBB14287E2600A6346D /* wallet.cpp */ = {isa = PBXFileReference; fileEncoding = 4; lastKnownFileType = sourcecode.cpp.cpp; name = wallet.cpp; path = ../../src/btcWallet/wallet.cpp; sourceTree = "<group>"; };
		1F03EFBC14287E2600A6346D /* wallet.h */ = {isa = PBXFileReference; fileEncoding = 4; lastKnownFileType = sourcecode.c.h; name = wallet.h; path = ../../src/btcWallet/wallet.h; sourceTree = "<group>"; };
		1F03EFC014287E3F00A6346D /* json_spirit.h */ = {isa = PBXFileReference; fileEncoding = 4; lastKnownFileType = sourcecode.c.h; path = json_spirit.h; sourceTree = "<group>"; };
		1F03EFC114287E3F00A6346D /* json_spirit_error_position.h */ = {isa = PBXFileReference; fileEncoding = 4; lastKnownFileType = sourcecode.c.h; path = json_spirit_error_position.h; sourceTree = "<group>"; };
		1F03EFC214287E3F00A6346D /* json_spirit_reader.cpp */ = {isa = PBXFileReference; fileEncoding = 4; lastKnownFileType = sourcecode.cpp.cpp; path = json_spirit_reader.cpp; sourceTree = "<group>"; };
		1F03EFC314287E3F00A6346D /* json_spirit_reader.h */ = {isa = PBXFileReference; fileEncoding = 4; lastKnownFileType = sourcecode.c.h; path = json_spirit_reader.h; sourceTree = "<group>"; };
		1F03EFC414287E3F00A6346D /* json_spirit_reader_template.h */ = {isa = PBXFileReference; fileEncoding = 4; lastKnownFileType = sourcecode.c.h; path = json_spirit_reader_template.h; sourceTree = "<group>"; };
		1F03EFC514287E3F00A6346D /* json_spirit_stream_reader.h */ = {isa = PBXFileReference; fileEncoding = 4; lastKnownFileType = sourcecode.c.h; path = json_spirit_stream_reader.h; sourceTree = "<group>"; };
		1F03EFC614287E3F00A6346D /* json_spirit_utils.h */ = {isa = PBXFileReference; fileEncoding = 4; lastKnownFileType = sourcecode.c.h; path = json_spirit_utils.h; sourceTree = "<group>"; };
		1F03EFC714287E3F00A6346D /* json_spirit_value.cpp */ = {isa = PBXFileReference; fileEncoding = 4; lastKnownFileType = sourcecode.cpp.cpp; path = json_spirit_value.cpp; sourceTree = "<group>"; };
		1F03EFC814287E3F00A6346D /* json_spirit_value.h */ = {isa = PBXFileReference; fileEncoding = 4; lastKnownFileType = sourcecode.c.h; path = json_spirit_value.h; sourceTree = "<group>"; };
		1F03EFC914287E3F00A6346D /* json_spirit_writer.cpp */ = {isa = PBXFileReference; fileEncoding = 4; lastKnownFileType = sourcecode.cpp.cpp; path = json_spirit_writer.cpp; sourceTree = "<group>"; };
		1F03EFCA14287E3F00A6346D /* json_spirit_writer.h */ = {isa = PBXFileReference; fileEncoding = 4; lastKnownFileType = sourcecode.c.h; path = json_spirit_writer.h; sourceTree = "<group>"; };
		1F03EFCB14287E3F00A6346D /* json_spirit_writer_template.h */ = {isa = PBXFileReference; fileEncoding = 4; lastKnownFileType = sourcecode.c.h; path = json_spirit_writer_template.h; sourceTree = "<group>"; };
		1F03EFCC14287E3F00A6346D /* LICENSE.txt */ = {isa = PBXFileReference; fileEncoding = 4; lastKnownFileType = text; path = LICENSE.txt; sourceTree = "<group>"; };
		1F03EFCD14287E3F00A6346D /* rpc.cpp */ = {isa = PBXFileReference; fileEncoding = 4; lastKnownFileType = sourcecode.cpp.cpp; name = rpc.cpp; path = ../../src/btcRPC/rpc.cpp; sourceTree = "<group>"; };
		1F03EFCE14287E3F00A6346D /* rpc.h */ = {isa = PBXFileReference; fileEncoding = 4; lastKnownFileType = sourcecode.c.h; name = rpc.h; path = ../../src/btcRPC/rpc.h; sourceTree = "<group>"; };
		1F03EFD514287E5900A6346D /* config.h */ = {isa = PBXFileReference; fileEncoding = 4; lastKnownFileType = sourcecode.c.h; path = config.h; sourceTree = "<group>"; };
		1F03EFD614287E5900A6346D /* cpu.cpp */ = {isa = PBXFileReference; fileEncoding = 4; lastKnownFileType = sourcecode.cpp.cpp; path = cpu.cpp; sourceTree = "<group>"; };
		1F03EFD714287E5900A6346D /* cpu.h */ = {isa = PBXFileReference; fileEncoding = 4; lastKnownFileType = sourcecode.c.h; path = cpu.h; sourceTree = "<group>"; };
		1F03EFD814287E5900A6346D /* cryptlib.h */ = {isa = PBXFileReference; fileEncoding = 4; lastKnownFileType = sourcecode.c.h; path = cryptlib.h; sourceTree = "<group>"; };
		1F03EFD914287E5900A6346D /* iterhash.h */ = {isa = PBXFileReference; fileEncoding = 4; lastKnownFileType = sourcecode.c.h; path = iterhash.h; sourceTree = "<group>"; };
		1F03EFDA14287E5900A6346D /* License.txt */ = {isa = PBXFileReference; fileEncoding = 4; lastKnownFileType = text; path = License.txt; sourceTree = "<group>"; };
		1F03EFDB14287E5900A6346D /* misc.h */ = {isa = PBXFileReference; fileEncoding = 4; lastKnownFileType = sourcecode.c.h; path = misc.h; sourceTree = "<group>"; };
		1F03EFDD14287E5900A6346D /* .gitignore */ = {isa = PBXFileReference; fileEncoding = 4; lastKnownFileType = text; path = .gitignore; sourceTree = "<group>"; };
		1F03EFDE14287E5900A6346D /* pch.h */ = {isa = PBXFileReference; fileEncoding = 4; lastKnownFileType = sourcecode.c.h; path = pch.h; sourceTree = "<group>"; };
		1F03EFDF14287E5900A6346D /* Readme.txt */ = {isa = PBXFileReference; fileEncoding = 4; lastKnownFileType = text; path = Readme.txt; sourceTree = "<group>"; };
		1F03EFE014287E5900A6346D /* secblock.h */ = {isa = PBXFileReference; fileEncoding = 4; lastKnownFileType = sourcecode.c.h; path = secblock.h; sourceTree = "<group>"; };
		1F03EFE114287E5900A6346D /* sha.cpp */ = {isa = PBXFileReference; fileEncoding = 4; lastKnownFileType = sourcecode.cpp.cpp; path = sha.cpp; sourceTree = "<group>"; };
		1F03EFE214287E5900A6346D /* sha.h */ = {isa = PBXFileReference; fileEncoding = 4; lastKnownFileType = sourcecode.c.h; path = sha.h; sourceTree = "<group>"; };
		1F03EFE314287E5900A6346D /* simple.h */ = {isa = PBXFileReference; fileEncoding = 4; lastKnownFileType = sourcecode.c.h; path = simple.h; sourceTree = "<group>"; };
		1F03EFE414287E5900A6346D /* smartptr.h */ = {isa = PBXFileReference; fileEncoding = 4; lastKnownFileType = sourcecode.c.h; path = smartptr.h; sourceTree = "<group>"; };
		1F03EFE514287E5900A6346D /* stdcpp.h */ = {isa = PBXFileReference; fileEncoding = 4; lastKnownFileType = sourcecode.c.h; path = stdcpp.h; sourceTree = "<group>"; };
		1F168B9F142885BF0016AAC4 /* btc.dylib */ = {isa = PBXFileReference; explicitFileType = "compiled.mach-o.dylib"; includeInIndex = 0; path = btc.dylib; sourceTree = BUILT_PRODUCTS_DIR; };
		1F168BA2142885BF0016AAC4 /* btc-Prefix.pch */ = {isa = PBXFileReference; lastKnownFileType = sourcecode.c.h; path = "btc-Prefix.pch"; sourceTree = "<group>"; };
		1F168BA3142885BF0016AAC4 /* btcProj.xcconfig */ = {isa = PBXFileReference; lastKnownFileType = text.xcconfig; path = btcProj.xcconfig; sourceTree = "<group>"; };
		1F168BA4142885BF0016AAC4 /* btcTarget.xcconfig */ = {isa = PBXFileReference; lastKnownFileType = text.xcconfig; path = btcTarget.xcconfig; sourceTree = "<group>"; };
		1F168BA5142885BF0016AAC4 /* btc.h */ = {isa = PBXFileReference; lastKnownFileType = sourcecode.c.h; path = btc.h; sourceTree = "<group>"; };
		1F168BA7142885BF0016AAC4 /* btcPriv.h */ = {isa = PBXFileReference; lastKnownFileType = sourcecode.c.h; path = btcPriv.h; sourceTree = "<group>"; };
		1F168BA8142885BF0016AAC4 /* btc.cp */ = {isa = PBXFileReference; lastKnownFileType = sourcecode.cpp.cpp; path = btc.cp; sourceTree = "<group>"; };
		1F3A3DF8142495DA007D3A8A /* bitcoin */ = {isa = PBXFileReference; explicitFileType = "compiled.mach-o.executable"; includeInIndex = 0; path = bitcoin; sourceTree = BUILT_PRODUCTS_DIR; };
		1F3A3E021424E9F5007D3A8A /* libcrypto.dylib */ = {isa = PBXFileReference; lastKnownFileType = "compiled.mach-o.dylib"; name = libcrypto.dylib; path = usr/lib/libcrypto.dylib; sourceTree = SDKROOT; };
		1F3A3E041424E9FE007D3A8A /* libssl.dylib */ = {isa = PBXFileReference; lastKnownFileType = "compiled.mach-o.dylib"; name = libssl.dylib; path = usr/lib/libssl.dylib; sourceTree = SDKROOT; };
		1F3A3E061424EA09007D3A8A /* libdb_cxx-5.1.dylib */ = {isa = PBXFileReference; lastKnownFileType = "compiled.mach-o.dylib"; name = "libdb_cxx-5.1.dylib"; path = "usr/local/lib/libdb_cxx-5.1.dylib"; sourceTree = SDKROOT; };
		1F3A3E081424EA27007D3A8A /* libboost_filesystem.dylib */ = {isa = PBXFileReference; lastKnownFileType = "compiled.mach-o.dylib"; name = libboost_filesystem.dylib; path = usr/local/lib/libboost_filesystem.dylib; sourceTree = SDKROOT; };
		1F3A3E091424EA27007D3A8A /* libboost_program_options.dylib */ = {isa = PBXFileReference; lastKnownFileType = "compiled.mach-o.dylib"; name = libboost_program_options.dylib; path = usr/local/lib/libboost_program_options.dylib; sourceTree = SDKROOT; };
		1F3A3E0A1424EA28007D3A8A /* libboost_system.dylib */ = {isa = PBXFileReference; lastKnownFileType = "compiled.mach-o.dylib"; name = libboost_system.dylib; path = usr/local/lib/libboost_system.dylib; sourceTree = SDKROOT; };
		1F3A3E0B1424EA28007D3A8A /* libboost_thread.dylib */ = {isa = PBXFileReference; lastKnownFileType = "compiled.mach-o.dylib"; name = libboost_thread.dylib; path = usr/local/lib/libboost_thread.dylib; sourceTree = SDKROOT; };
		1F9B10251416051C00C5903D /* bitcoind */ = {isa = PBXFileReference; explicitFileType = "compiled.mach-o.executable"; includeInIndex = 0; path = bitcoind; sourceTree = BUILT_PRODUCTS_DIR; };
		1F9B10CC1416063600C5903D /* libboost_filesystem.dylib */ = {isa = PBXFileReference; lastKnownFileType = "compiled.mach-o.dylib"; name = libboost_filesystem.dylib; path = usr/local/lib/libboost_filesystem.dylib; sourceTree = SDKROOT; };
		1F9B10D61416063600C5903D /* libboost_program_options.dylib */ = {isa = PBXFileReference; lastKnownFileType = "compiled.mach-o.dylib"; name = libboost_program_options.dylib; path = usr/local/lib/libboost_program_options.dylib; sourceTree = SDKROOT; };
		1F9B10DC1416063600C5903D /* libboost_system.dylib */ = {isa = PBXFileReference; lastKnownFileType = "compiled.mach-o.dylib"; name = libboost_system.dylib; path = usr/local/lib/libboost_system.dylib; sourceTree = SDKROOT; };
		1F9B10DD1416063600C5903D /* libboost_thread.dylib */ = {isa = PBXFileReference; lastKnownFileType = "compiled.mach-o.dylib"; name = libboost_thread.dylib; path = usr/local/lib/libboost_thread.dylib; sourceTree = SDKROOT; };
		1F9B10F81416065200C5903D /* libdb_cxx-5.1.dylib */ = {isa = PBXFileReference; lastKnownFileType = "compiled.mach-o.dylib"; name = "libdb_cxx-5.1.dylib"; path = "usr/local/lib/libdb_cxx-5.1.dylib"; sourceTree = SDKROOT; };
		1F9B10FA1416069000C5903D /* libcrypto.dylib */ = {isa = PBXFileReference; lastKnownFileType = "compiled.mach-o.dylib"; name = libcrypto.dylib; path = usr/lib/libcrypto.dylib; sourceTree = SDKROOT; };
		1F9B10FB1416069000C5903D /* libssl.dylib */ = {isa = PBXFileReference; lastKnownFileType = "compiled.mach-o.dylib"; name = libssl.dylib; path = usr/lib/libssl.dylib; sourceTree = SDKROOT; };
/* End PBXFileReference section */

/* Begin PBXFrameworksBuildPhase section */
		1F168B9C142885BF0016AAC4 /* Frameworks */ = {
			isa = PBXFrameworksBuildPhase;
			buildActionMask = 2147483647;
			files = (
			);
			runOnlyForDeploymentPostprocessing = 0;
		};
		1F3A3DF5142495DA007D3A8A /* Frameworks */ = {
			isa = PBXFrameworksBuildPhase;
			buildActionMask = 2147483647;
			files = (
				1F3A3E0C1424EA28007D3A8A /* libboost_filesystem.dylib in Frameworks */,
				1F3A3E0D1424EA28007D3A8A /* libboost_program_options.dylib in Frameworks */,
				1F3A3E0E1424EA28007D3A8A /* libboost_system.dylib in Frameworks */,
				1F3A3E0F1424EA28007D3A8A /* libboost_thread.dylib in Frameworks */,
				1F3A3E071424EA09007D3A8A /* libdb_cxx-5.1.dylib in Frameworks */,
				1F3A3E051424E9FE007D3A8A /* libssl.dylib in Frameworks */,
				1F3A3E031424E9F5007D3A8A /* libcrypto.dylib in Frameworks */,
			);
			runOnlyForDeploymentPostprocessing = 0;
		};
		1F9B10221416051C00C5903D /* Frameworks */ = {
			isa = PBXFrameworksBuildPhase;
			buildActionMask = 2147483647;
			files = (
				1F9B10FC1416069000C5903D /* libcrypto.dylib in Frameworks */,
				1F9B10FD1416069000C5903D /* libssl.dylib in Frameworks */,
				1F9B10F91416065200C5903D /* libdb_cxx-5.1.dylib in Frameworks */,
				1F9B10E31416063600C5903D /* libboost_filesystem.dylib in Frameworks */,
				1F9B10ED1416063600C5903D /* libboost_program_options.dylib in Frameworks */,
				1F9B10F31416063600C5903D /* libboost_system.dylib in Frameworks */,
				1F9B10F41416063600C5903D /* libboost_thread.dylib in Frameworks */,
			);
			runOnlyForDeploymentPostprocessing = 0;
		};
/* End PBXFrameworksBuildPhase section */

/* Begin PBXGroup section */
		1F03EF9914287DBB00A6346D /* btc */ = {
			isa = PBXGroup;
			children = (
				1F03EF9B14287DD600A6346D /* base58.h */,
				1F03EF9C14287DD600A6346D /* bignum.h */,
				1F03EF9D14287DD600A6346D /* crypter.cpp */,
				1F03EF9E14287DD600A6346D /* crypter.h */,
				1F03EF9F14287DD600A6346D /* key.h */,
				1F03EFA014287DD600A6346D /* keystore.cpp */,
				1F03EFA114287DD600A6346D /* keystore.h */,
				1F03EFA214287DD600A6346D /* main.cpp */,
				1F03EFA314287DD600A6346D /* main.h */,
				1F03EFA414287DD600A6346D /* script.cpp */,
				1F03EFA514287DD600A6346D /* script.h */,
				1F03EFA614287DD600A6346D /* serialize.h */,
				1F03EFA714287DD600A6346D /* strlcpy.h */,
				1F03EFA814287DD600A6346D /* uint256.h */,
			);
			name = btc;
			sourceTree = "<group>";
		};
		1F03EFAD14287DF100A6346D /* btcNode */ = {
			isa = PBXGroup;
			children = (
				1F03EFAE14287E0100A6346D /* db.cpp */,
				1F03EFAF14287E0100A6346D /* db.h */,
				1F03EFB014287E0100A6346D /* irc.cpp */,
				1F03EFB114287E0100A6346D /* irc.h */,
				1F03EFB214287E0100A6346D /* net.cpp */,
				1F03EFB314287E0100A6346D /* net.h */,
				1F03EFB414287E0100A6346D /* protocol.cpp */,
				1F03EFB514287E0100A6346D /* protocol.h */,
			);
			name = btcNode;
			sourceTree = "<group>";
		};
		1F03EFBA14287E1200A6346D /* btcWallet */ = {
			isa = PBXGroup;
			children = (
				1F03EFBB14287E2600A6346D /* wallet.cpp */,
				1F03EFBC14287E2600A6346D /* wallet.h */,
			);
			name = btcWallet;
			sourceTree = "<group>";
		};
		1F03EFBE14287E2D00A6346D /* btcRPC */ = {
			isa = PBXGroup;
			children = (
				1F03EFBF14287E3F00A6346D /* json */,
				1F03EFCD14287E3F00A6346D /* rpc.cpp */,
				1F03EFCE14287E3F00A6346D /* rpc.h */,
			);
			name = btcRPC;
			sourceTree = "<group>";
		};
		1F03EFBF14287E3F00A6346D /* json */ = {
			isa = PBXGroup;
			children = (
				1F03EFC014287E3F00A6346D /* json_spirit.h */,
				1F03EFC114287E3F00A6346D /* json_spirit_error_position.h */,
				1F03EFC214287E3F00A6346D /* json_spirit_reader.cpp */,
				1F03EFC314287E3F00A6346D /* json_spirit_reader.h */,
				1F03EFC414287E3F00A6346D /* json_spirit_reader_template.h */,
				1F03EFC514287E3F00A6346D /* json_spirit_stream_reader.h */,
				1F03EFC614287E3F00A6346D /* json_spirit_utils.h */,
				1F03EFC714287E3F00A6346D /* json_spirit_value.cpp */,
				1F03EFC814287E3F00A6346D /* json_spirit_value.h */,
				1F03EFC914287E3F00A6346D /* json_spirit_writer.cpp */,
				1F03EFCA14287E3F00A6346D /* json_spirit_writer.h */,
				1F03EFCB14287E3F00A6346D /* json_spirit_writer_template.h */,
				1F03EFCC14287E3F00A6346D /* LICENSE.txt */,
			);
			name = json;
			path = ../../src/btcRPC/json;
			sourceTree = "<group>";
		};
		1F03EFD314287E4900A6346D /* btcMine */ = {
			isa = PBXGroup;
			children = (
				1F03EFD414287E5900A6346D /* cryptopp */,
			);
			name = btcMine;
			sourceTree = "<group>";
		};
		1F03EFD414287E5900A6346D /* cryptopp */ = {
			isa = PBXGroup;
			children = (
				1F03EFD514287E5900A6346D /* config.h */,
				1F03EFD614287E5900A6346D /* cpu.cpp */,
				1F03EFD714287E5900A6346D /* cpu.h */,
				1F03EFD814287E5900A6346D /* cryptlib.h */,
				1F03EFD914287E5900A6346D /* iterhash.h */,
				1F03EFDA14287E5900A6346D /* License.txt */,
				1F03EFDB14287E5900A6346D /* misc.h */,
				1F03EFDC14287E5900A6346D /* obj */,
				1F03EFDE14287E5900A6346D /* pch.h */,
				1F03EFDF14287E5900A6346D /* Readme.txt */,
				1F03EFE014287E5900A6346D /* secblock.h */,
				1F03EFE114287E5900A6346D /* sha.cpp */,
				1F03EFE214287E5900A6346D /* sha.h */,
				1F03EFE314287E5900A6346D /* simple.h */,
				1F03EFE414287E5900A6346D /* smartptr.h */,
				1F03EFE514287E5900A6346D /* stdcpp.h */,
			);
			name = cryptopp;
			path = ../../src/btcMine/cryptopp;
			sourceTree = "<group>";
		};
		1F03EFDC14287E5900A6346D /* obj */ = {
			isa = PBXGroup;
			children = (
				1F03EFDD14287E5900A6346D /* .gitignore */,
			);
			path = obj;
			sourceTree = "<group>";
		};
		1F168BA0142885BF0016AAC4 /* btc */ = {
			isa = PBXGroup;
			children = (
				1F168BA3142885BF0016AAC4 /* btcProj.xcconfig */,
				1F168BA4142885BF0016AAC4 /* btcTarget.xcconfig */,
				1F168BA5142885BF0016AAC4 /* btc.h */,
				1F168BA7142885BF0016AAC4 /* btcPriv.h */,
				1F168BA8142885BF0016AAC4 /* btc.cp */,
				1F168BA1142885BF0016AAC4 /* Supporting Files */,
			);
			path = btc;
			sourceTree = "<group>";
		};
		1F168BA1142885BF0016AAC4 /* Supporting Files */ = {
			isa = PBXGroup;
			children = (
				1F168BA2142885BF0016AAC4 /* btc-Prefix.pch */,
			);
			name = "Supporting Files";
			sourceTree = "<group>";
		};
		1F3A3DF1142495AA007D3A8A /* bitcoind */ = {
			isa = PBXGroup;
			children = (
				1F9B10FE1416121000C5903D /* Dependencies */,
			);
			name = bitcoind;
			sourceTree = "<group>";
		};
		1F3A3DFA142495DA007D3A8A /* bitcoin */ = {
			isa = PBXGroup;
			children = (
				1F494E7F14277402004910CF /* Dependencies */,
			);
			path = bitcoin;
			sourceTree = "<group>";
		};
		1F494E7F14277402004910CF /* Dependencies */ = {
			isa = PBXGroup;
			children = (
				1F3A3E081424EA27007D3A8A /* libboost_filesystem.dylib */,
				1F3A3E091424EA27007D3A8A /* libboost_program_options.dylib */,
				1F3A3E0A1424EA28007D3A8A /* libboost_system.dylib */,
				1F3A3E0B1424EA28007D3A8A /* libboost_thread.dylib */,
				1F3A3E061424EA09007D3A8A /* libdb_cxx-5.1.dylib */,
				1F3A3E041424E9FE007D3A8A /* libssl.dylib */,
				1F3A3E021424E9F5007D3A8A /* libcrypto.dylib */,
			);
			name = Dependencies;
			sourceTree = "<group>";
		};
		1F9B101A1416051C00C5903D = {
			isa = PBXGroup;
			children = (
				1F9B10281416051C00C5903D /* src */,
				1F3A3DFA142495DA007D3A8A /* bitcoin */,
				1F3A3DF1142495AA007D3A8A /* bitcoind */,
				1F168BA0142885BF0016AAC4 /* btc */,
				1F9B10261416051C00C5903D /* Products */,
			);
			sourceTree = "<group>";
		};
		1F9B10261416051C00C5903D /* Products */ = {
			isa = PBXGroup;
			children = (
				1F9B10251416051C00C5903D /* bitcoind */,
				1F3A3DF8142495DA007D3A8A /* bitcoin */,
				1F168B9F142885BF0016AAC4 /* btc.dylib */,
			);
			name = Products;
			sourceTree = "<group>";
		};
		1F9B10281416051C00C5903D /* src */ = {
			isa = PBXGroup;
			children = (
				1F03EF9914287DBB00A6346D /* btc */,
				1F03EFBE14287E2D00A6346D /* btcRPC */,
				1F03EFAD14287DF100A6346D /* btcNode */,
				1F03EFBA14287E1200A6346D /* btcWallet */,
				1F03EFD314287E4900A6346D /* btcMine */,
			);
			name = src;
			path = bitcoind;
			sourceTree = "<group>";
		};
		1F9B10FE1416121000C5903D /* Dependencies */ = {
			isa = PBXGroup;
			children = (
				1F9B10FA1416069000C5903D /* libcrypto.dylib */,
				1F9B10FB1416069000C5903D /* libssl.dylib */,
				1F9B10F81416065200C5903D /* libdb_cxx-5.1.dylib */,
				1F9B10CC1416063600C5903D /* libboost_filesystem.dylib */,
				1F9B10D61416063600C5903D /* libboost_program_options.dylib */,
				1F9B10DC1416063600C5903D /* libboost_system.dylib */,
				1F9B10DD1416063600C5903D /* libboost_thread.dylib */,
			);
			name = Dependencies;
			sourceTree = "<group>";
		};
/* End PBXGroup section */

/* Begin PBXHeadersBuildPhase section */
		1F168B9D142885BF0016AAC4 /* Headers */ = {
			isa = PBXHeadersBuildPhase;
			buildActionMask = 2147483647;
			files = (
				1F168BA6142885BF0016AAC4 /* btc.h in Headers */,
			);
			runOnlyForDeploymentPostprocessing = 0;
		};
/* End PBXHeadersBuildPhase section */

/* Begin PBXNativeTarget section */
		1F168B9E142885BF0016AAC4 /* btc */ = {
			isa = PBXNativeTarget;
			buildConfigurationList = 1F168BAC142885BF0016AAC4 /* Build configuration list for PBXNativeTarget "btc" */;
			buildPhases = (
				1F168B9B142885BF0016AAC4 /* Sources */,
				1F168B9C142885BF0016AAC4 /* Frameworks */,
				1F168B9D142885BF0016AAC4 /* Headers */,
			);
			buildRules = (
			);
			dependencies = (
			);
			name = btc;
			productName = btc;
			productReference = 1F168B9F142885BF0016AAC4 /* btc.dylib */;
			productType = "com.apple.product-type.library.dynamic";
		};
		1F3A3DF7142495DA007D3A8A /* bitcoin */ = {
			isa = PBXNativeTarget;
			buildConfigurationList = 1F3A3DFF142495DA007D3A8A /* Build configuration list for PBXNativeTarget "bitcoin" */;
			buildPhases = (
				1F3A3DF4142495DA007D3A8A /* Sources */,
				1F3A3DF5142495DA007D3A8A /* Frameworks */,
				1F3A3DF6142495DA007D3A8A /* CopyFiles */,
			);
			buildRules = (
			);
			dependencies = (
			);
			name = bitcoin;
			productName = bitcoin;
			productReference = 1F3A3DF8142495DA007D3A8A /* bitcoin */;
			productType = "com.apple.product-type.tool";
		};
		1F9B10241416051C00C5903D /* bitcoind */ = {
			isa = PBXNativeTarget;
			buildConfigurationList = 1F9B102F1416051C00C5903D /* Build configuration list for PBXNativeTarget "bitcoind" */;
			buildPhases = (
				1F9B10211416051C00C5903D /* Sources */,
				1F9B10221416051C00C5903D /* Frameworks */,
				1F9B10231416051C00C5903D /* CopyFiles */,
			);
			buildRules = (
			);
			dependencies = (
			);
			name = bitcoind;
			productName = bitcoind;
			productReference = 1F9B10251416051C00C5903D /* bitcoind */;
			productType = "com.apple.product-type.tool";
		};
/* End PBXNativeTarget section */

/* Begin PBXProject section */
		1F9B101C1416051C00C5903D /* Project object */ = {
			isa = PBXProject;
			attributes = {
				ORGANIZATIONNAME = "NDGF / NORDUnet A/S";
			};
			buildConfigurationList = 1F9B101F1416051C00C5903D /* Build configuration list for PBXProject "bitcoin" */;
			compatibilityVersion = "Xcode 3.2";
			developmentRegion = English;
			hasScannedForEncodings = 0;
			knownRegions = (
				en,
			);
			mainGroup = 1F9B101A1416051C00C5903D;
			productRefGroup = 1F9B10261416051C00C5903D /* Products */;
			projectDirPath = "";
			projectRoot = "";
			targets = (
				1F9B10241416051C00C5903D /* bitcoind */,
				1F3A3DF7142495DA007D3A8A /* bitcoin */,
				1F168B9E142885BF0016AAC4 /* btc */,
			);
		};
/* End PBXProject section */

/* Begin PBXSourcesBuildPhase section */
		1F168B9B142885BF0016AAC4 /* Sources */ = {
			isa = PBXSourcesBuildPhase;
			buildActionMask = 2147483647;
			files = (
				1F168BA9142885BF0016AAC4 /* btc.cp in Sources */,
			);
			runOnlyForDeploymentPostprocessing = 0;
		};
		1F3A3DF4142495DA007D3A8A /* Sources */ = {
			isa = PBXSourcesBuildPhase;
			buildActionMask = 2147483647;
			files = (
			);
			runOnlyForDeploymentPostprocessing = 0;
		};
		1F9B10211416051C00C5903D /* Sources */ = {
			isa = PBXSourcesBuildPhase;
			buildActionMask = 2147483647;
			files = (
				1F03EFA914287DD600A6346D /* crypter.cpp in Sources */,
				1F03EFAA14287DD600A6346D /* keystore.cpp in Sources */,
				1F03EFAB14287DD600A6346D /* main.cpp in Sources */,
				1F03EFAC14287DD600A6346D /* script.cpp in Sources */,
				1F03EFB614287E0100A6346D /* db.cpp in Sources */,
				1F03EFB714287E0100A6346D /* irc.cpp in Sources */,
				1F03EFB814287E0100A6346D /* net.cpp in Sources */,
				1F03EFB914287E0100A6346D /* protocol.cpp in Sources */,
				1F03EFBD14287E2600A6346D /* wallet.cpp in Sources */,
				1F03EFCF14287E3F00A6346D /* json_spirit_reader.cpp in Sources */,
				1F03EFD014287E3F00A6346D /* json_spirit_value.cpp in Sources */,
				1F03EFD114287E3F00A6346D /* json_spirit_writer.cpp in Sources */,
				1F03EFD214287E3F00A6346D /* rpc.cpp in Sources */,
				1F03EFE614287E5900A6346D /* cpu.cpp in Sources */,
				1F03EFE714287E5900A6346D /* sha.cpp in Sources */,
			);
			runOnlyForDeploymentPostprocessing = 0;
		};
/* End PBXSourcesBuildPhase section */

/* Begin XCBuildConfiguration section */
		1F168BAA142885BF0016AAC4 /* Debug */ = {
			isa = XCBuildConfiguration;
			buildSettings = {
				ALWAYS_SEARCH_USER_PATHS = NO;
				GCC_PREPROCESSOR_DEFINITIONS = (
					"DEBUG=1",
					"$(inherited)",
				);
				GCC_WARN_UNUSED_VARIABLE = YES;
				LD_DYLIB_INSTALL_NAME = "$(DYLIB_INSTALL_NAME_BASE:standardizepath)/lib$(EXECUTABLE_PATH)";
				PRODUCT_NAME = "$(TARGET_NAME)";
			};
			name = Debug;
		};
		1F168BAB142885BF0016AAC4 /* Release */ = {
			isa = XCBuildConfiguration;
			buildSettings = {
				ALWAYS_SEARCH_USER_PATHS = NO;
				GCC_WARN_UNUSED_VARIABLE = YES;
				LD_DYLIB_INSTALL_NAME = "$(DYLIB_INSTALL_NAME_BASE:standardizepath)/lib$(EXECUTABLE_PATH)";
				PRODUCT_NAME = "$(TARGET_NAME)";
			};
			name = Release;
		};
		1F3A3E00142495DA007D3A8A /* Debug */ = {
			isa = XCBuildConfiguration;
			buildSettings = {
				ALWAYS_SEARCH_USER_PATHS = YES;
				GCC_PREPROCESSOR_DEFINITIONS = (
					"DEBUG=1",
					"$(inherited)",
				);
				PRODUCT_NAME = "$(TARGET_NAME)";
			};
			name = Debug;
		};
		1F3A3E01142495DA007D3A8A /* Release */ = {
			isa = XCBuildConfiguration;
			buildSettings = {
				ALWAYS_SEARCH_USER_PATHS = YES;
				PRODUCT_NAME = "$(TARGET_NAME)";
			};
			name = Release;
		};
		1F9B102D1416051C00C5903D /* Debug */ = {
			isa = XCBuildConfiguration;
			buildSettings = {
				ALWAYS_SEARCH_USER_PATHS = YES;
				ARCHS = "$(ARCHS_STANDARD_64_BIT)";
				COPY_PHASE_STRIP = NO;
				GCC_C_LANGUAGE_STANDARD = gnu99;
				GCC_DYNAMIC_NO_PIC = NO;
				GCC_ENABLE_OBJC_EXCEPTIONS = YES;
				GCC_OPTIMIZATION_LEVEL = 0;
				GCC_PREPROCESSOR_DEFINITIONS = (
					"DEBUG=1",
					__WXMAC_OSX__,
					NOPCH,
					"MSG_NOSIGNAL=0",
					CRYPTOPP_DISABLE_ASM,
					USE_SSL,
				);
				GCC_SYMBOLS_PRIVATE_EXTERN = NO;
				GCC_VERSION = com.apple.compilers.llvm.clang.1_0;
				GCC_WARN_64_TO_32_BIT_CONVERSION = YES;
				GCC_WARN_ABOUT_INVALID_OFFSETOF_MACRO = NO;
				GCC_WARN_ABOUT_MISSING_PROTOTYPES = YES;
				GCC_WARN_ABOUT_RETURN_TYPE = YES;
				GCC_WARN_UNUSED_VARIABLE = NO;
				MACOSX_DEPLOYMENT_TARGET = 10.7;
				ONLY_ACTIVE_ARCH = YES;
				SDKROOT = macosx;
				USER_HEADER_SEARCH_PATHS = /usr/local/include;
			};
			name = Debug;
		};
		1F9B102E1416051C00C5903D /* Release */ = {
			isa = XCBuildConfiguration;
			buildSettings = {
				ALWAYS_SEARCH_USER_PATHS = YES;
				ARCHS = "$(ARCHS_STANDARD_64_BIT)";
				COPY_PHASE_STRIP = YES;
				DEBUG_INFORMATION_FORMAT = "dwarf-with-dsym";
				GCC_C_LANGUAGE_STANDARD = gnu99;
				GCC_ENABLE_OBJC_EXCEPTIONS = YES;
				GCC_OPTIMIZATION_LEVEL = 0;
				GCC_PREPROCESSOR_DEFINITIONS = (
					__WXMAC_OSX__,
					NOPCH,
					"MSG_NOSIGNAL=0",
					CRYPTOPP_DISABLE_ASM,
					USE_SSL,
				);
				GCC_VERSION = com.apple.compilers.llvm.clang.1_0;
				GCC_WARN_64_TO_32_BIT_CONVERSION = YES;
				GCC_WARN_ABOUT_INVALID_OFFSETOF_MACRO = NO;
				GCC_WARN_ABOUT_MISSING_PROTOTYPES = YES;
				GCC_WARN_ABOUT_RETURN_TYPE = YES;
				GCC_WARN_UNUSED_VARIABLE = NO;
				MACOSX_DEPLOYMENT_TARGET = 10.7;
				SDKROOT = macosx;
				USER_HEADER_SEARCH_PATHS = /usr/local/include;
			};
			name = Release;
		};
		1F9B10301416051C00C5903D /* Debug */ = {
			isa = XCBuildConfiguration;
			buildSettings = {
				PRODUCT_NAME = "$(TARGET_NAME)";
			};
			name = Debug;
		};
		1F9B10311416051C00C5903D /* Release */ = {
			isa = XCBuildConfiguration;
			buildSettings = {
				PRODUCT_NAME = "$(TARGET_NAME)";
			};
			name = Release;
		};
/* End XCBuildConfiguration section */

/* Begin XCConfigurationList section */
		1F168BAC142885BF0016AAC4 /* Build configuration list for PBXNativeTarget "btc" */ = {
			isa = XCConfigurationList;
			buildConfigurations = (
				1F168BAA142885BF0016AAC4 /* Debug */,
				1F168BAB142885BF0016AAC4 /* Release */,
			);
			defaultConfigurationIsVisible = 0;
		};
		1F3A3DFF142495DA007D3A8A /* Build configuration list for PBXNativeTarget "bitcoin" */ = {
			isa = XCConfigurationList;
			buildConfigurations = (
				1F3A3E00142495DA007D3A8A /* Debug */,
				1F3A3E01142495DA007D3A8A /* Release */,
			);
			defaultConfigurationIsVisible = 0;
			defaultConfigurationName = Release;
		};
		1F9B101F1416051C00C5903D /* Build configuration list for PBXProject "bitcoin" */ = {
			isa = XCConfigurationList;
			buildConfigurations = (
				1F9B102D1416051C00C5903D /* Debug */,
				1F9B102E1416051C00C5903D /* Release */,
			);
			defaultConfigurationIsVisible = 0;
			defaultConfigurationName = Release;
		};
		1F9B102F1416051C00C5903D /* Build configuration list for PBXNativeTarget "bitcoind" */ = {
			isa = XCConfigurationList;
			buildConfigurations = (
				1F9B10301416051C00C5903D /* Debug */,
				1F9B10311416051C00C5903D /* Release */,
			);
			defaultConfigurationIsVisible = 0;
			defaultConfigurationName = Release;
		};
/* End XCConfigurationList section */
	};
	rootObject = 1F9B101C1416051C00C5903D /* Project object */;
}
